
Microsoft Visual Studio Solution File, Format Version 12.00
# Visual Studio 15
VisualStudioVersion = 15.0.28307.136
MinimumVisualStudioVersion = 10.0.40219.1
Project("{9A19103F-16F7-4668-BE54-9A1E7A4F7556}") = "Pangram", "Pangram.csproj", "{989C2F9E-CFC2-4379-86C0-CC4D1DC4159B}"
EndProject
Global
	GlobalSection(SolutionConfigurationPlatforms) = preSolution
		Debug|Any CPU = Debug|Any CPU
		Release|Any CPU = Release|Any CPU
	EndGlobalSection
	GlobalSection(ProjectConfigurationPlatforms) = postSolution
		{989C2F9E-CFC2-4379-86C0-CC4D1DC4159B}.Debug|Any CPU.ActiveCfg = Debug|Any CPU
		{989C2F9E-CFC2-4379-86C0-CC4D1DC4159B}.Debug|Any CPU.Build.0 = Debug|Any CPU
		{989C2F9E-CFC2-4379-86C0-CC4D1DC4159B}.Release|Any CPU.ActiveCfg = Release|Any CPU
		{989C2F9E-CFC2-4379-86C0-CC4D1DC4159B}.Release|Any CPU.Build.0 = Release|Any CPU
	EndGlobalSection
	GlobalSection(SolutionProperties) = preSolution
		HideSolutionNode = FALSE
	EndGlobalSection
	GlobalSection(ExtensibilityGlobals) = postSolution
		SolutionGuid = {A7200A17-2A2F-4611-9CD9-D848B3880904}
	EndGlobalSection
EndGlobal
